
Microsoft Visual Studio Solution File, Format Version 12.00
# Visual Studio 15
VisualStudioVersion = 15.0.28307.1022
MinimumVisualStudioVersion = 10.0.40219.1
Project("{FAE04EC0-301F-11D3-BF4B-00C04F79EFBC}") = "ElectroCardsWebApplication", "ElectroCardsWebApplication\ElectroCardsWebApplication.csproj", "{BEF3F1A7-18E3-4F27-814C-BA91F9C25205}"
EndProject
Global
	GlobalSection(SolutionConfigurationPlatforms) = preSolution
		Debug|Any CPU = Debug|Any CPU
		Release|Any CPU = Release|Any CPU
	EndGlobalSection
	GlobalSection(ProjectConfigurationPlatforms) = postSolution
		{BEF3F1A7-18E3-4F27-814C-BA91F9C25205}.Debug|Any CPU.ActiveCfg = Debug|Any CPU
		{BEF3F1A7-18E3-4F27-814C-BA91F9C25205}.Debug|Any CPU.Build.0 = Debug|Any CPU
		{BEF3F1A7-18E3-4F27-814C-BA91F9C25205}.Release|Any CPU.ActiveCfg = Release|Any CPU
		{BEF3F1A7-18E3-4F27-814C-BA91F9C25205}.Release|Any CPU.Build.0 = Release|Any CPU
	EndGlobalSection
	GlobalSection(SolutionProperties) = preSolution
		HideSolutionNode = FALSE
	EndGlobalSection
	GlobalSection(ExtensibilityGlobals) = postSolution
		SolutionGuid = {91A1C312-7020-4A1A-88C9-D82280E630BB}
	EndGlobalSection
EndGlobal
