
Microsoft Visual Studio Solution File, Format Version 12.00
# Visual Studio 15
VisualStudioVersion = 15.0.28307.757
MinimumVisualStudioVersion = 10.0.40219.1
Project("{FAE04EC0-301F-11D3-BF4B-00C04F79EFBC}") = "Module3_8_2", "Module3_8_2\Module3_8_2.csproj", "{883B6CA8-D57B-4359-B365-DBB7F386635A}"
EndProject
Global
	GlobalSection(SolutionConfigurationPlatforms) = preSolution
		Debug|Any CPU = Debug|Any CPU
		Release|Any CPU = Release|Any CPU
	EndGlobalSection
	GlobalSection(ProjectConfigurationPlatforms) = postSolution
		{883B6CA8-D57B-4359-B365-DBB7F386635A}.Debug|Any CPU.ActiveCfg = Debug|Any CPU
		{883B6CA8-D57B-4359-B365-DBB7F386635A}.Debug|Any CPU.Build.0 = Debug|Any CPU
		{883B6CA8-D57B-4359-B365-DBB7F386635A}.Release|Any CPU.ActiveCfg = Release|Any CPU
		{883B6CA8-D57B-4359-B365-DBB7F386635A}.Release|Any CPU.Build.0 = Release|Any CPU
	EndGlobalSection
	GlobalSection(SolutionProperties) = preSolution
		HideSolutionNode = FALSE
	EndGlobalSection
	GlobalSection(ExtensibilityGlobals) = postSolution
		SolutionGuid = {7A758946-2335-4180-9F36-432D5D085AF0}
	EndGlobalSection
EndGlobal
